
Microsoft Visual Studio Solution File, Format Version 12.00
# Visual Studio Version 17
VisualStudioVersion = 17.5.2.0
MinimumVisualStudioVersion = 10.0.40219.1
Project("{FAE04EC0-301F-11D3-BF4B-00C04F79EFBC}") = "miminal-api", "miminal-api.csproj", "{14F1C694-B0D7-49F6-9BA5-EF8082E2C8FB}"
EndProject
Global
	GlobalSection(SolutionConfigurationPlatforms) = preSolution
		Debug|Any CPU = Debug|Any CPU
		Debug|x64 = Debug|x64
		Debug|x86 = Debug|x86
		Release|Any CPU = Release|Any CPU
		Release|x64 = Release|x64
		Release|x86 = Release|x86
	EndGlobalSection
	GlobalSection(ProjectConfigurationPlatforms) = postSolution
		{14F1C694-B0D7-49F6-9BA5-EF8082E2C8FB}.Debug|Any CPU.ActiveCfg = Debug|Any CPU
		{14F1C694-B0D7-49F6-9BA5-EF8082E2C8FB}.Debug|Any CPU.Build.0 = Debug|Any CPU
		{14F1C694-B0D7-49F6-9BA5-EF8082E2C8FB}.Debug|x64.ActiveCfg = Debug|Any CPU
		{14F1C694-B0D7-49F6-9BA5-EF8082E2C8FB}.Debug|x64.Build.0 = Debug|Any CPU
		{14F1C694-B0D7-49F6-9BA5-EF8082E2C8FB}.Debug|x86.ActiveCfg = Debug|Any CPU
		{14F1C694-B0D7-49F6-9BA5-EF8082E2C8FB}.Debug|x86.Build.0 = Debug|Any CPU
		{14F1C694-B0D7-49F6-9BA5-EF8082E2C8FB}.Release|Any CPU.ActiveCfg = Release|Any CPU
		{14F1C694-B0D7-49F6-9BA5-EF8082E2C8FB}.Release|Any CPU.Build.0 = Release|Any CPU
		{14F1C694-B0D7-49F6-9BA5-EF8082E2C8FB}.Release|x64.ActiveCfg = Release|Any CPU
		{14F1C694-B0D7-49F6-9BA5-EF8082E2C8FB}.Release|x64.Build.0 = Release|Any CPU
		{14F1C694-B0D7-49F6-9BA5-EF8082E2C8FB}.Release|x86.ActiveCfg = Release|Any CPU
		{14F1C694-B0D7-49F6-9BA5-EF8082E2C8FB}.Release|x86.Build.0 = Release|Any CPU
	EndGlobalSection
	GlobalSection(SolutionProperties) = preSolution
		HideSolutionNode = FALSE
	EndGlobalSection
	GlobalSection(ExtensibilityGlobals) = postSolution
		SolutionGuid = {C79D30B7-9FD3-4111-B500-425C3D6064DE}
	EndGlobalSection
EndGlobal
